{
  "version": "4",
  "specifiers": {
    "jsr:@blowater/collections@^0.0.0-rc1": "0.0.0-rc3",
    "jsr:@blowater/csp@1.0.0": "1.0.0",
    "jsr:@noble/secp256k1@2.1.0": "2.1.0",
    "jsr:@std/assert@0.226.0": "0.226.0",
    "jsr:@std/datetime@0.224.1": "0.224.1",
    "jsr:@std/encoding@0.224.3": "0.224.3",
    "jsr:@std/internal@1": "1.0.1",
    "npm:@noble/ciphers@0.4.1": "0.4.1",
    "npm:@noble/curves@1.4.0": "1.4.0",
    "npm:@noble/hashes@1.4.0": "1.4.0",
    "npm:@scure/bip32@1.3.2": "1.3.2",
    "npm:@scure/bip39@1.2.1": "1.2.1",
    "npm:json-stable-stringify@1.1.1": "1.1.1",
    "npm:zod@3.23.8": "3.23.8"
  },
  "jsr": {
    "@blowater/collections@0.0.0-rc3": {
      "integrity": "54cdc175266e16d50aaf780885b6e6eb3009f99c66641ff9b0c6c60f5b6e629d"
    },
    "@blowater/csp@1.0.0": {
      "integrity": "415d4e8bf1656e4a508997fb8e725e9372e1e39b2b714afa76e86efd733f8c4c"
    },
    "@noble/secp256k1@2.1.0": {
      "integrity": "b5843dfb90c67026ec5d2771cc2c809155fa5954ff0300b23de5d4a1f4eec758"
    },
    "@std/assert@0.226.0": {
      "integrity": "0dfb5f7c7723c18cec118e080fec76ce15b4c31154b15ad2bd74822603ef75b3",
      "dependencies": [
        "jsr:@std/internal"
      ]
    },
    "@std/datetime@0.224.1": {
      "integrity": "3b4d5062333a3fe2e8f94b343e05e8c34ec8b09e2e8311fe0e879a6773075830"
    },
    "@std/encoding@0.224.3": {
      "integrity": "5e861b6d81be5359fad4155e591acf17c0207b595112d1840998bb9f476dbdaf"
    },
    "@std/internal@1.0.1": {
      "integrity": "6f8c7544d06a11dd256c8d6ba54b11ed870aac6c5aeafff499892662c57673e6"
    }
  },
  "npm": {
    "@noble/ciphers@0.4.1": {
      "integrity": "sha512-QCOA9cgf3Rc33owG0AYBB9wszz+Ul2kramWN8tXG44Gyciud/tbkEqvxRF/IpqQaBpRBNi9f4jdNxqB2CQCIXg=="
    },
    "@noble/curves@1.2.0": {
      "integrity": "sha512-oYclrNgRaM9SsBUBVbb8M6DTV7ZHRTKugureoYEncY5c65HOmRzvSiTE3y5CYaPYJA/GVkrhXEoF0M3Ya9PMnw==",
      "dependencies": [
        "@noble/hashes@1.3.2"
      ]
    },
    "@noble/curves@1.4.0": {
      "integrity": "sha512-p+4cb332SFCrReJkCYe8Xzm0OWi4Jji5jVdIZRL/PmacmDkFNw6MrrV+gGpiPxLHbV+zKFRywUWbaseT+tZRXg==",
      "dependencies": [
        "@noble/hashes@1.4.0"
      ]
    },
    "@noble/hashes@1.3.2": {
      "integrity": "sha512-MVC8EAQp7MvEcm30KWENFjgR+Mkmf+D189XJTkFIlwohU5hcBbn1ZkKq7KVTi2Hme3PMGF390DaL52beVrIihQ=="
    },
    "@noble/hashes@1.3.3": {
      "integrity": "sha512-V7/fPHgl+jsVPXqqeOzT8egNj2iBIVt+ECeMMG8TdcnTikP3oaBtUVqpT/gYCR68aEBJSF+XbYUxStjbFMqIIA=="
    },
    "@noble/hashes@1.4.0": {
      "integrity": "sha512-V1JJ1WTRUqHHrOSh597hURcMqVKVGL/ea3kv0gSnEdsEZ0/+VyPghM1lMNGc00z7CIQorSvbKpuJkxvuHbvdbg=="
    },
    "@scure/base@1.1.7": {
      "integrity": "sha512-PPNYBslrLNNUQ/Yad37MHYsNQtK67EhWb6WtSvNLLPo7SdVZgkUjD6Dg+5On7zNwmskf8OX7I7Nx5oN+MIWE0g=="
    },
    "@scure/bip32@1.3.2": {
      "integrity": "sha512-N1ZhksgwD3OBlwTv3R6KFEcPojl/W4ElJOeCZdi+vuI5QmTFwLq3OFf2zd2ROpKvxFdgZ6hUpb0dx9bVNEwYCA==",
      "dependencies": [
        "@noble/curves@1.2.0",
        "@noble/hashes@1.3.3",
        "@scure/base"
      ]
    },
    "@scure/bip39@1.2.1": {
      "integrity": "sha512-Z3/Fsz1yr904dduJD0NpiyRHhRYHdcnyh73FZWiV+/qhWi83wNJ3NWolYqCEN+ZWsUz2TWwajJggcRE9r1zUYg==",
      "dependencies": [
        "@noble/hashes@1.3.3",
        "@scure/base"
      ]
    },
    "call-bind@1.0.7": {
      "integrity": "sha512-GHTSNSYICQ7scH7sZ+M2rFopRoLh8t2bLSW6BbgrtLsahOIB5iyAVJf9GjWK3cYTDaMj4XdBpM1cA6pIS0Kv2w==",
      "dependencies": [
        "es-define-property",
        "es-errors",
        "function-bind",
        "get-intrinsic",
        "set-function-length"
      ]
    },
    "define-data-property@1.1.4": {
      "integrity": "sha512-rBMvIzlpA8v6E+SJZoo++HAYqsLrkg7MSfIinMPFhmkorw7X+dOXVJQs+QT69zGkzMyfDnIMN2Wid1+NbL3T+A==",
      "dependencies": [
        "es-define-property",
        "es-errors",
        "gopd"
      ]
    },
    "es-define-property@1.0.0": {
      "integrity": "sha512-jxayLKShrEqqzJ0eumQbVhTYQM27CfT1T35+gCgDFoL82JLsXqTJ76zv6A0YLOgEnLUMvLzsDsGIrl8NFpT2gQ==",
      "dependencies": [
        "get-intrinsic"
      ]
    },
    "es-errors@1.3.0": {
      "integrity": "sha512-Zf5H2Kxt2xjTvbJvP2ZWLEICxA6j+hAmMzIlypy4xcBg1vKVnx89Wy0GbS+kf5cwCVFFzdCFh2XSCFNULS6csw=="
    },
    "function-bind@1.1.2": {
      "integrity": "sha512-7XHNxH7qX9xG5mIwxkhumTox/MIRNcOgDrxWsMt2pAr23WHp6MrRlN7FBSFpCpr+oVO0F744iUgR82nJMfG2SA=="
    },
    "get-intrinsic@1.2.4": {
      "integrity": "sha512-5uYhsJH8VJBTv7oslg4BznJYhDoRI6waYCxMmCdnTrcCrHA/fCFKoTFz2JKKE0HdDFUF7/oQuhzumXJK7paBRQ==",
      "dependencies": [
        "es-errors",
        "function-bind",
        "has-proto",
        "has-symbols",
        "hasown"
      ]
    },
    "gopd@1.0.1": {
      "integrity": "sha512-d65bNlIadxvpb/A2abVdlqKqV563juRnZ1Wtk6s1sIR8uNsXR70xqIzVqxVf1eTqDunwT2MkczEeaezCKTZhwA==",
      "dependencies": [
        "get-intrinsic"
      ]
    },
    "has-property-descriptors@1.0.2": {
      "integrity": "sha512-55JNKuIW+vq4Ke1BjOTjM2YctQIvCT7GFzHwmfZPGo5wnrgkid0YQtnAleFSqumZm4az3n2BS+erby5ipJdgrg==",
      "dependencies": [
        "es-define-property"
      ]
    },
    "has-proto@1.0.3": {
      "integrity": "sha512-SJ1amZAJUiZS+PhsVLf5tGydlaVB8EdFpaSO4gmiUKUOxk8qzn5AIy4ZeJUmh22znIdk/uMAUT2pl3FxzVUH+Q=="
    },
    "has-symbols@1.0.3": {
      "integrity": "sha512-l3LCuF6MgDNwTDKkdYGEihYjt5pRPbEg46rtlmnSPlUbgmB8LOIrKJbYYFBSbnPaJexMKtiPO8hmeRjRz2Td+A=="
    },
    "hasown@2.0.2": {
      "integrity": "sha512-0hJU9SCPvmMzIBdZFqNPXWa6dqh7WdH0cII9y+CyS8rG3nL48Bclra9HmKhVVUHyPWNH5Y7xDwAB7bfgSjkUMQ==",
      "dependencies": [
        "function-bind"
      ]
    },
    "isarray@2.0.5": {
      "integrity": "sha512-xHjhDr3cNBK0BzdUJSPXZntQUx/mwMS5Rw4A7lPJ90XGAO6ISP/ePDNuo0vhqOZU+UD5JoodwCAAoZQd3FeAKw=="
    },
    "json-stable-stringify@1.1.1": {
      "integrity": "sha512-SU/971Kt5qVQfJpyDveVhQ/vya+5hvrjClFOcr8c0Fq5aODJjMwutrOfCU+eCnVD5gpx1Q3fEqkyom77zH1iIg==",
      "dependencies": [
        "call-bind",
        "isarray",
        "jsonify",
        "object-keys"
      ]
    },
    "jsonify@0.0.1": {
      "integrity": "sha512-2/Ki0GcmuqSrgFyelQq9M05y7PS0mEwuIzrf3f1fPqkVDVRvZrPZtVSMHxdgo8Aq0sxAOb/cr2aqqA3LeWHVPg=="
    },
    "object-keys@1.1.1": {
      "integrity": "sha512-NuAESUOUMrlIXOfHKzD6bpPu3tYt3xvjNdRIQ+FeT0lNb4K8WR70CaDxhuNguS2XG+GjkyMwOzsN5ZktImfhLA=="
    },
    "set-function-length@1.2.2": {
      "integrity": "sha512-pgRc4hJ4/sNjWCSS9AmnS40x3bNMDTknHgL5UaMBTMyJnU90EgWh1Rz+MC9eFu4BuN/UwZjKQuY/1v3rM7HMfg==",
      "dependencies": [
        "define-data-property",
        "es-errors",
        "function-bind",
        "get-intrinsic",
        "gopd",
        "has-property-descriptors"
      ]
    },
    "zod@3.23.8": {
      "integrity": "sha512-XBx9AXhXktjUqnepgTiE5flcKIYWi/rme0Eaj+5Y0lftuGBq+jyRu/md4WnuxqgP1ubdpNCsYEYPxrzVHD8d6g=="
    }
  },
  "remote": {
    "https://deno.land/std@0.224.0/assert/assert.ts": "09d30564c09de846855b7b071e62b5974b001bb72a4b797958fe0660e7849834",
    "https://deno.land/std@0.224.0/assert/assertion_error.ts": "ba8752bd27ebc51f723702fac2f54d3e94447598f54264a6653d6413738a8917",
    "https://deno.land/std@0.224.0/http/cookie.ts": "a377fa60175ba5f61dd4b8a70b34f2bbfbc70782dfd5faf36d314c42e4306006",
    "https://deno.land/x/graphql_tag@0.1.2/deps.ts": "5696461c8bb42db7c83486db452e125f7cfdc62a2c628bb470a4447d934b90b3",
    "https://deno.land/x/graphql_tag@0.1.2/mod.ts": "57fd56de5f7cbc66e23ce896cc8e99521d286e89969d83e09d960642b0a9d652",
    "https://deno.land/x/sqlite@v3.8/build/sqlite.js": "72f63689fffcb9bb5ae10b1e8f7db09ea845cdf713e0e3a9693d8416a28f92a6",
    "https://deno.land/x/sqlite@v3.8/build/vfs.js": "08533cc78fb29b9d9bd62f6bb93e5ef333407013fed185776808f11223ba0e70",
    "https://deno.land/x/sqlite@v3.8/mod.ts": "e09fc79d8065fe222578114b109b1fd60077bff1bb75448532077f784f4d6a83",
    "https://deno.land/x/sqlite@v3.8/src/constants.ts": "90f3be047ec0a89bcb5d6fc30db121685fc82cb00b1c476124ff47a4b0472aa9",
    "https://deno.land/x/sqlite@v3.8/src/db.ts": "7d3251021756fa80f382c3952217c7446c5c8c1642b63511da0938fe33562663",
    "https://deno.land/x/sqlite@v3.8/src/error.ts": "f7a15cb00d7c3797da1aefee3cf86d23e0ae92e73f0ba3165496c3816ab9503a",
    "https://deno.land/x/sqlite@v3.8/src/function.ts": "e4c83b8ec64bf88bafad2407376b0c6a3b54e777593c70336fb40d43a79865f2",
    "https://deno.land/x/sqlite@v3.8/src/query.ts": "d58abda928f6582d77bad685ecf551b1be8a15e8e38403e293ec38522e030cad",
    "https://deno.land/x/sqlite@v3.8/src/wasm.ts": "e79d0baa6e42423257fb3c7cc98091c54399254867e0f34a09b5bdef37bd9487",
    "https://esm.sh/graphql@16.6.0/language/ast#=": "3370c36acfd7dc994d7f2242361dbc538b7b239f0cb41603f97a5d67273f5255",
    "https://esm.sh/graphql@16.6.0/language/parser#=": "38b1158134aed40573b9885cc5f3b020fe8b60c75aa8b32420388c577615b97a",
    "https://esm.sh/graphql@16.8.1": "50c951dc0b67f3f01e70d1511ca68ebb067ef99d3590d6a7afb36819c84595f9",
    "https://esm.sh/preact-render-to-string@6.4.1": "502d356922296aa8b105dbbf7de0e43d41146966e7af4c485053d64627029c98",
    "https://esm.sh/stable/preact@10.20.0/denonext/preact.mjs": "323ac0dab4ede066d3ef67ae2f51029ed1bd5f81f5a07982924a00aee3c54ada",
    "https://esm.sh/stable/preact@10.20.2/denonext/preact.mjs": "f418bc70c24b785703afb9d4dea8cdc1e315e43c8df620a0c52fd27ad9bd70eb",
    "https://esm.sh/v135/graphql@16.6.0/denonext/language/ast.js": "1c8cc697db4ec96d354496fa69a2d6552ec5801a6c3bdbe5505f369d872d594c",
    "https://esm.sh/v135/graphql@16.6.0/denonext/language/parser.js": "82063e5ee234089909652e04ccd9f0e1c0670c04ac6db896099a638ae759b182",
    "https://esm.sh/v135/graphql@16.8.1/denonext/graphql.mjs": "585b84022623b931e27a7a8134cd24ec50b33ea12fd18b43254527628a0fddac",
    "https://esm.sh/v135/preact-render-to-string@6.4.1/denonext/preact-render-to-string.mjs": "0226110b9ae616d3143c7ea00b822faa1cdd96588188fc3f28e2bf8ead94ba4f",
    "https://raw.githubusercontent.com/BlowaterNostr/relayed/main/channel.ts": "be3b4e157ea3dce0f7b7a73f65450e6f6c24eb1d6828635fc63e8b4c945256c9",
    "https://raw.githubusercontent.com/BlowaterNostr/relayed/main/graphql-schema.ts": "22a155582a45e0c3228e32ea538f938ee959967806d1505b37b315a0249e1e73",
    "https://raw.githubusercontent.com/BlowaterNostr/relayed/main/main.ts": "32b9449bf5308daf38cdb4771ff975668a54ddf61c234eb06f3a0a5acbee4473",
    "https://raw.githubusercontent.com/BlowaterNostr/relayed/main/mod.ts": "2ba3aadf6448e08c69495c618a860646789e96bc33287408bf30c1b480cf8fba",
    "https://raw.githubusercontent.com/BlowaterNostr/relayed/main/resolvers/event.ts": "04cb313d54d517f552fc84e8ad7407237e6498ce48089ce8c0d47de5735f6b43",
    "https://raw.githubusercontent.com/BlowaterNostr/relayed/main/resolvers/event_deletion.ts": "440053969a792351fc2570741b47bcb52635a73ec1012d60af0635b490f5d2f9",
    "https://raw.githubusercontent.com/BlowaterNostr/relayed/main/resolvers/nip11.ts": "0476ce9f77226b04f453fdfbd5db6eeca0e3aa5cd5e998ee0768828a8ca90187",
    "https://raw.githubusercontent.com/BlowaterNostr/relayed/main/resolvers/policy.ts": "5ee0acb5a98bcb3aacb861a23c752ee641c70124110303b14b5c7dcf7b6b752c",
    "https://raw.githubusercontent.com/BlowaterNostr/relayed/main/resolvers/root.ts": "e6b7cd1e3551dbc15b37f924a150b06b05dfe48e827c5b1554d738dec93a7be9",
    "https://raw.githubusercontent.com/BlowaterNostr/relayed/main/routes/_404.tsx": "d38a1b385d27ecbb5e783a6251d3e499da5861bedae851fe05eaa4750b38fc62",
    "https://raw.githubusercontent.com/BlowaterNostr/relayed/main/routes/landing.tsx": "18ff33a1ce5f2538bed83201a1dd48fda607c9dc34b70b3099be13e7cec076eb",
    "https://raw.githubusercontent.com/BlowaterNostr/relayed/main/ws.ts": "eb4d1977b833fb0b58a54252c6534acc20a0718a6e5027ac5f251e2b0aa7a2ce"
  },
  "workspace": {
    "dependencies": [
      "jsr:@blowater/collections@^0.0.0-rc1",
      "jsr:@blowater/csp@1.0.0",
      "jsr:@noble/secp256k1@2.1.0",
      "jsr:@std/assert@0.226.0",
      "jsr:@std/datetime@0.224.1",
      "jsr:@std/encoding@0.224.3",
      "npm:@noble/ciphers@0.4.1",
      "npm:@noble/curves@1.4.0",
      "npm:@noble/hashes@1.4.0",
      "npm:@scure/bip32@1.3.2",
      "npm:@scure/bip39@1.2.1",
      "npm:zod@3.23.8"
    ]
  }
}
