{
  "version": "3",
  "packages": {
    "specifiers": {
      "jsr:@blowater/csp@^1.0.0": "jsr:@blowater/csp@1.0.0",
      "jsr:@std/assert@^0.226.0": "jsr:@std/assert@0.226.0",
      "jsr:@std/datetime@^0.224.1": "jsr:@std/datetime@0.224.1",
      "jsr:@std/encoding@^0.224.3": "jsr:@std/encoding@0.224.3",
      "jsr:@std/internal@^1.0.0": "jsr:@std/internal@1.0.0",
      "npm:@noble/ciphers@0.4.1": "npm:@noble/ciphers@0.4.1",
      "npm:@noble/curves@1.3.0": "npm:@noble/curves@1.3.0",
      "npm:@noble/hashes@1.3.3": "npm:@noble/hashes@1.3.3",
      "npm:@scure/base@1.1.5": "npm:@scure/base@1.1.5",
      "npm:@scure/bip32@1.3.2": "npm:@scure/bip32@1.3.2",
      "npm:@scure/bip39@1.2.1": "npm:@scure/bip39@1.2.1",
      "npm:json-stable-stringify@1.1.1": "npm:json-stable-stringify@1.1.1",
      "npm:zod@3.23.8": "npm:zod@3.23.8"
    },
    "jsr": {
      "@blowater/csp@1.0.0": {
        "integrity": "415d4e8bf1656e4a508997fb8e725e9372e1e39b2b714afa76e86efd733f8c4c"
      },
      "@std/assert@0.226.0": {
        "integrity": "0dfb5f7c7723c18cec118e080fec76ce15b4c31154b15ad2bd74822603ef75b3",
        "dependencies": [
          "jsr:@std/internal@^1.0.0"
        ]
      },
      "@std/datetime@0.224.1": {
        "integrity": "3b4d5062333a3fe2e8f94b343e05e8c34ec8b09e2e8311fe0e879a6773075830"
      },
      "@std/encoding@0.224.3": {
        "integrity": "5e861b6d81be5359fad4155e591acf17c0207b595112d1840998bb9f476dbdaf"
      },
      "@std/internal@1.0.0": {
        "integrity": "ac6a6dfebf838582c4b4f61a6907374e27e05bedb6ce276e0f1608fe84e7cd9a"
      }
    },
    "npm": {
      "@noble/ciphers@0.4.1": {
        "integrity": "sha512-QCOA9cgf3Rc33owG0AYBB9wszz+Ul2kramWN8tXG44Gyciud/tbkEqvxRF/IpqQaBpRBNi9f4jdNxqB2CQCIXg==",
        "dependencies": {}
      },
      "@noble/curves@1.2.0": {
        "integrity": "sha512-oYclrNgRaM9SsBUBVbb8M6DTV7ZHRTKugureoYEncY5c65HOmRzvSiTE3y5CYaPYJA/GVkrhXEoF0M3Ya9PMnw==",
        "dependencies": {
          "@noble/hashes": "@noble/hashes@1.3.2"
        }
      },
      "@noble/curves@1.3.0": {
        "integrity": "sha512-t01iSXPuN+Eqzb4eBX0S5oubSqXbK/xXa1Ne18Hj8f9pStxztHCE2gfboSp/dZRLSqfuLpRK2nDXDK+W9puocA==",
        "dependencies": {
          "@noble/hashes": "@noble/hashes@1.3.3"
        }
      },
      "@noble/hashes@1.3.2": {
        "integrity": "sha512-MVC8EAQp7MvEcm30KWENFjgR+Mkmf+D189XJTkFIlwohU5hcBbn1ZkKq7KVTi2Hme3PMGF390DaL52beVrIihQ==",
        "dependencies": {}
      },
      "@noble/hashes@1.3.3": {
        "integrity": "sha512-V7/fPHgl+jsVPXqqeOzT8egNj2iBIVt+ECeMMG8TdcnTikP3oaBtUVqpT/gYCR68aEBJSF+XbYUxStjbFMqIIA==",
        "dependencies": {}
      },
      "@scure/base@1.1.5": {
        "integrity": "sha512-Brj9FiG2W1MRQSTB212YVPRrcbjkv48FoZi/u4l/zds/ieRrqsh7aUf6CLwkAq61oKXr/ZlTzlY66gLIj3TFTQ==",
        "dependencies": {}
      },
      "@scure/bip32@1.3.2": {
        "integrity": "sha512-N1ZhksgwD3OBlwTv3R6KFEcPojl/W4ElJOeCZdi+vuI5QmTFwLq3OFf2zd2ROpKvxFdgZ6hUpb0dx9bVNEwYCA==",
        "dependencies": {
          "@noble/curves": "@noble/curves@1.2.0",
          "@noble/hashes": "@noble/hashes@1.3.3",
          "@scure/base": "@scure/base@1.1.5"
        }
      },
      "@scure/bip39@1.2.1": {
        "integrity": "sha512-Z3/Fsz1yr904dduJD0NpiyRHhRYHdcnyh73FZWiV+/qhWi83wNJ3NWolYqCEN+ZWsUz2TWwajJggcRE9r1zUYg==",
        "dependencies": {
          "@noble/hashes": "@noble/hashes@1.3.3",
          "@scure/base": "@scure/base@1.1.5"
        }
      },
      "call-bind@1.0.7": {
        "integrity": "sha512-GHTSNSYICQ7scH7sZ+M2rFopRoLh8t2bLSW6BbgrtLsahOIB5iyAVJf9GjWK3cYTDaMj4XdBpM1cA6pIS0Kv2w==",
        "dependencies": {
          "es-define-property": "es-define-property@1.0.0",
          "es-errors": "es-errors@1.3.0",
          "function-bind": "function-bind@1.1.2",
          "get-intrinsic": "get-intrinsic@1.2.4",
          "set-function-length": "set-function-length@1.2.2"
        }
      },
      "define-data-property@1.1.4": {
        "integrity": "sha512-rBMvIzlpA8v6E+SJZoo++HAYqsLrkg7MSfIinMPFhmkorw7X+dOXVJQs+QT69zGkzMyfDnIMN2Wid1+NbL3T+A==",
        "dependencies": {
          "es-define-property": "es-define-property@1.0.0",
          "es-errors": "es-errors@1.3.0",
          "gopd": "gopd@1.0.1"
        }
      },
      "es-define-property@1.0.0": {
        "integrity": "sha512-jxayLKShrEqqzJ0eumQbVhTYQM27CfT1T35+gCgDFoL82JLsXqTJ76zv6A0YLOgEnLUMvLzsDsGIrl8NFpT2gQ==",
        "dependencies": {
          "get-intrinsic": "get-intrinsic@1.2.4"
        }
      },
      "es-errors@1.3.0": {
        "integrity": "sha512-Zf5H2Kxt2xjTvbJvP2ZWLEICxA6j+hAmMzIlypy4xcBg1vKVnx89Wy0GbS+kf5cwCVFFzdCFh2XSCFNULS6csw==",
        "dependencies": {}
      },
      "function-bind@1.1.2": {
        "integrity": "sha512-7XHNxH7qX9xG5mIwxkhumTox/MIRNcOgDrxWsMt2pAr23WHp6MrRlN7FBSFpCpr+oVO0F744iUgR82nJMfG2SA==",
        "dependencies": {}
      },
      "get-intrinsic@1.2.4": {
        "integrity": "sha512-5uYhsJH8VJBTv7oslg4BznJYhDoRI6waYCxMmCdnTrcCrHA/fCFKoTFz2JKKE0HdDFUF7/oQuhzumXJK7paBRQ==",
        "dependencies": {
          "es-errors": "es-errors@1.3.0",
          "function-bind": "function-bind@1.1.2",
          "has-proto": "has-proto@1.0.3",
          "has-symbols": "has-symbols@1.0.3",
          "hasown": "hasown@2.0.2"
        }
      },
      "gopd@1.0.1": {
        "integrity": "sha512-d65bNlIadxvpb/A2abVdlqKqV563juRnZ1Wtk6s1sIR8uNsXR70xqIzVqxVf1eTqDunwT2MkczEeaezCKTZhwA==",
        "dependencies": {
          "get-intrinsic": "get-intrinsic@1.2.4"
        }
      },
      "has-property-descriptors@1.0.2": {
        "integrity": "sha512-55JNKuIW+vq4Ke1BjOTjM2YctQIvCT7GFzHwmfZPGo5wnrgkid0YQtnAleFSqumZm4az3n2BS+erby5ipJdgrg==",
        "dependencies": {
          "es-define-property": "es-define-property@1.0.0"
        }
      },
      "has-proto@1.0.3": {
        "integrity": "sha512-SJ1amZAJUiZS+PhsVLf5tGydlaVB8EdFpaSO4gmiUKUOxk8qzn5AIy4ZeJUmh22znIdk/uMAUT2pl3FxzVUH+Q==",
        "dependencies": {}
      },
      "has-symbols@1.0.3": {
        "integrity": "sha512-l3LCuF6MgDNwTDKkdYGEihYjt5pRPbEg46rtlmnSPlUbgmB8LOIrKJbYYFBSbnPaJexMKtiPO8hmeRjRz2Td+A==",
        "dependencies": {}
      },
      "hasown@2.0.2": {
        "integrity": "sha512-0hJU9SCPvmMzIBdZFqNPXWa6dqh7WdH0cII9y+CyS8rG3nL48Bclra9HmKhVVUHyPWNH5Y7xDwAB7bfgSjkUMQ==",
        "dependencies": {
          "function-bind": "function-bind@1.1.2"
        }
      },
      "isarray@2.0.5": {
        "integrity": "sha512-xHjhDr3cNBK0BzdUJSPXZntQUx/mwMS5Rw4A7lPJ90XGAO6ISP/ePDNuo0vhqOZU+UD5JoodwCAAoZQd3FeAKw==",
        "dependencies": {}
      },
      "json-stable-stringify@1.1.1": {
        "integrity": "sha512-SU/971Kt5qVQfJpyDveVhQ/vya+5hvrjClFOcr8c0Fq5aODJjMwutrOfCU+eCnVD5gpx1Q3fEqkyom77zH1iIg==",
        "dependencies": {
          "call-bind": "call-bind@1.0.7",
          "isarray": "isarray@2.0.5",
          "jsonify": "jsonify@0.0.1",
          "object-keys": "object-keys@1.1.1"
        }
      },
      "jsonify@0.0.1": {
        "integrity": "sha512-2/Ki0GcmuqSrgFyelQq9M05y7PS0mEwuIzrf3f1fPqkVDVRvZrPZtVSMHxdgo8Aq0sxAOb/cr2aqqA3LeWHVPg==",
        "dependencies": {}
      },
      "object-keys@1.1.1": {
        "integrity": "sha512-NuAESUOUMrlIXOfHKzD6bpPu3tYt3xvjNdRIQ+FeT0lNb4K8WR70CaDxhuNguS2XG+GjkyMwOzsN5ZktImfhLA==",
        "dependencies": {}
      },
      "set-function-length@1.2.2": {
        "integrity": "sha512-pgRc4hJ4/sNjWCSS9AmnS40x3bNMDTknHgL5UaMBTMyJnU90EgWh1Rz+MC9eFu4BuN/UwZjKQuY/1v3rM7HMfg==",
        "dependencies": {
          "define-data-property": "define-data-property@1.1.4",
          "es-errors": "es-errors@1.3.0",
          "function-bind": "function-bind@1.1.2",
          "get-intrinsic": "get-intrinsic@1.2.4",
          "gopd": "gopd@1.0.1",
          "has-property-descriptors": "has-property-descriptors@1.0.2"
        }
      },
      "zod@3.23.8": {
        "integrity": "sha512-XBx9AXhXktjUqnepgTiE5flcKIYWi/rme0Eaj+5Y0lftuGBq+jyRu/md4WnuxqgP1ubdpNCsYEYPxrzVHD8d6g==",
        "dependencies": {}
      }
    }
  },
  "remote": {
    "https://esm.sh/@noble/curves@1.3.0/secp256k1": "5252f1cfd6e12be71ea2826f76d171458040f168424e59d97a30cc5f54032460",
    "https://esm.sh/v135/@noble/curves@1.3.0/denonext/_shortw_utils.js": "8d690a8fbb0100093f6ab96457c634465eb4bd79f07adb30bbda5234d189c5e8",
    "https://esm.sh/v135/@noble/curves@1.3.0/denonext/abstract/curve.js": "280130b0d3e1f15037b449b5870e1f39f5db99f8c310f85a9d4ab129d6dfa583",
    "https://esm.sh/v135/@noble/curves@1.3.0/denonext/abstract/hash-to-curve.js": "591fb0f81529b2dc9f7ea61a0b988ab659564688ce33bd6c95b0e55c698cb338",
    "https://esm.sh/v135/@noble/curves@1.3.0/denonext/abstract/modular.js": "f6a63a4725fe208141f87a773ba9485813ffd5291129656fd073f832fbcd4437",
    "https://esm.sh/v135/@noble/curves@1.3.0/denonext/abstract/utils.js": "0ff50d14245befb0ee4b0eae5f0292acc5fd0f6e5f385195654d7825f0a75669",
    "https://esm.sh/v135/@noble/curves@1.3.0/denonext/abstract/weierstrass.js": "f97e7a6ecf9f23a864538f7089645c17103f3809134c0bb99c29d56ce824e7b4",
    "https://esm.sh/v135/@noble/curves@1.3.0/denonext/secp256k1.js": "641ad16ddf79c7f4b69cba4d266078ef21f446cfc3fec83120f6de4f6dee84aa",
    "https://esm.sh/v135/@noble/hashes@1.3.3/denonext/_assert.js": "f8882bd96e2a6d1834a445c5af97f927b1ba028f34963c8570568e33385c4419",
    "https://esm.sh/v135/@noble/hashes@1.3.3/denonext/_sha2.js": "7b27807ccd3cf7c3b90ce23b17bc9c5d791a72e41dd2e01a4debd9727990bca9",
    "https://esm.sh/v135/@noble/hashes@1.3.3/denonext/crypto.js": "cf6efbafcbb35e03bcb3a36cccd3d6d1f9bc4ba23f44a79551929a28c83e7901",
    "https://esm.sh/v135/@noble/hashes@1.3.3/denonext/hmac.js": "c7a0a4fa8e369846713459398dfa1dc373ae5e6fa0eb7280f33dfd3f55a5c8fc",
    "https://esm.sh/v135/@noble/hashes@1.3.3/denonext/sha256.js": "762e0b0cbde1990fc905eb816d30cdc0cf7dd4c23d123408c6963294f124f97d",
    "https://esm.sh/v135/@noble/hashes@1.3.3/denonext/utils.js": "701831e12a7e656df467b62f929ac9536ababef1b9b7445c7f87512366ae3933",
    "https://raw.githubusercontent.com/BlowaterNostr/relayed/main/mod.ts": "2ba3aadf6448e08c69495c618a860646789e96bc33287408bf30c1b480cf8fba"
  },
  "workspace": {
    "dependencies": [
      "jsr:@blowater/csp@^1.0.0",
      "jsr:@std/assert@^0.226.0",
      "jsr:@std/datetime@^0.224.1",
      "jsr:@std/encoding@^0.224.3"
    ]
  }
}
